
Microsoft Visual Studio Solution File, Format Version 12.00
# Visual Studio Version 16
VisualStudioVersion = 16.0.32901.82
MinimumVisualStudioVersion = 10.0.40219.1
Project("{8BC9CEB8-8B4A-11D0-8D11-00A0C91BC942}") = "Project1", "Project1\Project1.vcxproj", "{988AE35B-D0ED-485F-864F-69CBEB932DFD}"
EndProject
Global
	GlobalSection(SolutionConfigurationPlatforms) = preSolution
		Debug|x64 = Debug|x64
		Debug|x86 = Debug|x86
		Release|x64 = Release|x64
		Release|x86 = Release|x86
	EndGlobalSection
	GlobalSection(ProjectConfigurationPlatforms) = postSolution
		{988AE35B-D0ED-485F-864F-69CBEB932DFD}.Debug|x64.ActiveCfg = Debug|x64
		{988AE35B-D0ED-485F-864F-69CBEB932DFD}.Debug|x64.Build.0 = Debug|x64
		{988AE35B-D0ED-485F-864F-69CBEB932DFD}.Debug|x86.ActiveCfg = Debug|Win32
		{988AE35B-D0ED-485F-864F-69CBEB932DFD}.Debug|x86.Build.0 = Debug|Win32
		{988AE35B-D0ED-485F-864F-69CBEB932DFD}.Release|x64.ActiveCfg = Release|x64
		{988AE35B-D0ED-485F-864F-69CBEB932DFD}.Release|x64.Build.0 = Release|x64
		{988AE35B-D0ED-485F-864F-69CBEB932DFD}.Release|x86.ActiveCfg = Release|Win32
		{988AE35B-D0ED-485F-864F-69CBEB932DFD}.Release|x86.Build.0 = Release|Win32
	EndGlobalSection
	GlobalSection(SolutionProperties) = preSolution
		HideSolutionNode = FALSE
	EndGlobalSection
	GlobalSection(ExtensibilityGlobals) = postSolution
		SolutionGuid = {325CB993-BE39-4C6A-8A89-82B0FE3FCF59}
	EndGlobalSection
EndGlobal
